# fluxor.lock — generated, edit via `fluxor update`
# Pinned store artifacts: one [[artifact]] entry per resolved digest.

[[artifact]]
kind = "module"
name = "aggregation"
project = "chronicle"
target = "bcm2712"
digest = "sha256:3438efdba36b6475c14c3b5f3bfd2a27f42d3a31bed41b9bb06b5a018ab311b1"
reference = "bcm2712/aggregation:0.0.1"

[[artifact]]
kind = "module"
name = "chronicle_cli"
project = "chronicle"
target = "bcm2712"
digest = "sha256:f2ebc81527956a6b8a305458ec2022ca26ed0b536d98c6962bfeef89acf88967"
reference = "bcm2712/chronicle_cli:0.0.1"

[[artifact]]
kind = "module"
name = "decision"
project = "chronicle"
target = "bcm2712"
digest = "sha256:cd7a6a27e9810526c7599fa0e86eeaad621a8946426194027e8287c8f79c3818"
reference = "bcm2712/decision:0.0.1"

[[artifact]]
kind = "module"
name = "expression"
project = "chronicle"
target = "bcm2712"
digest = "sha256:ea7af7e9f19b3a34807c8ff9da5e6f90dfdfd2db0acafff83239580483fa05e3"
reference = "bcm2712/expression:0.0.1"

[[artifact]]
kind = "module"
name = "pipeline"
project = "chronicle"
target = "bcm2712"
digest = "sha256:10aff5f585880aba631af32f97531ad8a320c776efd0f66c3a80a163bd64026e"
reference = "bcm2712/pipeline:0.0.1"

[[artifact]]
kind = "module"
name = "conn_demux"
project = "fluxor"
target = "bcm2712"
digest = "sha256:106ea11f9b2db1736b61972aca42295db4c69098d43fa586ccaa2d035619e502"
reference = "bcm2712/conn_demux:0.0.1"

[[artifact]]
kind = "module"
name = "conn_guard"
project = "fluxor"
target = "bcm2712"
digest = "sha256:fa0ae394aabc9a1b30ca5c70f7b0be590d22dc0194803d5dd6a52b3cc0e2b5bb"
reference = "bcm2712/conn_guard:0.0.1"

[[artifact]]
kind = "module"
name = "debug"
project = "fluxor"
target = "bcm2712"
digest = "sha256:6ee7acd812776b746dca9d7b7a916205658377bb50569bf813c947a2bfa21d74"
reference = "bcm2712/debug:0.0.1"

[[artifact]]
kind = "module"
name = "demux"
project = "fluxor"
target = "bcm2712"
digest = "sha256:2a154eae172a535ee6f33c4c2adec22d980ff526b9f046a05b8e4cc33fa3c656"
reference = "bcm2712/demux:0.0.1"

[[artifact]]
kind = "module"
name = "dma_probe"
project = "fluxor"
target = "bcm2712"
digest = "sha256:56a96e90b305f7473aea87718b6dbf5003e305f3582a41d614854f047defe7e3"
reference = "bcm2712/dma_probe:0.0.1"

[[artifact]]
kind = "module"
name = "dns"
project = "fluxor"
target = "bcm2712"
digest = "sha256:f368ec462c5fb0a59ce6fbd9ebb6032e001e9c178aa32cd0a18af22a7740e5ac"
reference = "bcm2712/dns:0.0.1"

[[artifact]]
kind = "module"
name = "e810"
project = "fluxor"
target = "bcm2712"
digest = "sha256:54fa54df40440a682805d762c2917ebd2329a629b1b6ca59f9d81d7a28736306"
reference = "bcm2712/e810:0.0.1"

[[artifact]]
kind = "module"
name = "echo_anchor"
project = "fluxor"
target = "bcm2712"
digest = "sha256:7045639bb464e342f52728401f28066ef21e4b8ecc82023f67f4cc7070f7d329"
reference = "bcm2712/echo_anchor:0.0.1"

[[artifact]]
kind = "module"
name = "echo_worker"
project = "fluxor"
target = "bcm2712"
digest = "sha256:41aac328d02a44c73c834ff4a3e90a60c53889302a578b251b88f36d1fbfad9e"
reference = "bcm2712/echo_worker:0.0.1"

[[artifact]]
kind = "module"
name = "eth_parser"
project = "fluxor"
target = "bcm2712"
digest = "sha256:7953d828623d4b97b8ac4550ca7fb8fdb089d76b47a409906296f10832c53967"
reference = "bcm2712/eth_parser:0.0.1"

[[artifact]]
kind = "module"
name = "fat32"
project = "fluxor"
target = "bcm2712"
digest = "sha256:2d37406e466c4058a0823355716acf8b8fc1cdc77bae37acf51ff7b9c6d8fc6a"
reference = "bcm2712/fat32:0.0.1"

[[artifact]]
kind = "module"
name = "fat32_seed"
project = "fluxor"
target = "bcm2712"
digest = "sha256:c3c3eb2f2364fb211e592b6a8c4457eeb8334f395f96761c104a8cb5f084eddc"
reference = "bcm2712/fat32_seed:0.0.1"

[[artifact]]
kind = "module"
name = "fs_bank"
project = "fluxor"
target = "bcm2712"
digest = "sha256:15c2a1c3db58ba44da3699e6dc7d1507ce7727953b85a481b0d22a2fcfb97e43"
reference = "bcm2712/fs_bank:0.0.1"

[[artifact]]
kind = "module"
name = "fs_selftest"
project = "fluxor"
target = "bcm2712"
digest = "sha256:8b7dc7bede5131623823c087de3dc7738b90c0ddda32a62137d6691f07d5508e"
reference = "bcm2712/fs_selftest:0.0.1"

[[artifact]]
kind = "module"
name = "fs_tap"
project = "fluxor"
target = "bcm2712"
digest = "sha256:9918cfebc28f4d7f083483cd30545b5eb19b187c1d526be8d60dc27b58f90ad4"
reference = "bcm2712/fs_tap:0.0.1"

[[artifact]]
kind = "module"
name = "gallery_stage"
project = "fluxor"
target = "bcm2712"
digest = "sha256:6a648c46cc0025dcc743f41fada5e1151b8435b4bae531f49c192f21216c77b5"
reference = "bcm2712/gallery_stage:0.0.1"

[[artifact]]
kind = "module"
name = "gesture"
project = "fluxor"
target = "bcm2712"
digest = "sha256:d5839921ef8eef7c3c6e282da127af2d12beebdf435b0294680f44cc70b0143e"
reference = "bcm2712/gesture:0.0.1"

[[artifact]]
kind = "module"
name = "ip"
project = "fluxor"
target = "bcm2712"
digest = "sha256:7cdd4ece768cbff582e464b5b50b1ac15efce8a54f5ee45a59e0e8c293f6416e"
reference = "bcm2712/ip:0.0.1"

[[artifact]]
kind = "module"
name = "iso_heap"
project = "fluxor"
target = "bcm2712"
digest = "sha256:91b6152906d89e761e9ba0d0bda9a45debe470af038c17b5db3bc5095023fb31"
reference = "bcm2712/iso_heap:0.0.1"

[[artifact]]
kind = "module"
name = "iso_probe"
project = "fluxor"
target = "bcm2712"
digest = "sha256:ac0d1193217600c8e5effc71c5c6f878720e56f8dd1a6d701d3e1d5588dcaedc"
reference = "bcm2712/iso_probe:0.0.1"

[[artifact]]
kind = "module"
name = "iso_transform"
project = "fluxor"
target = "bcm2712"
digest = "sha256:b205acc6ffb09d5056e447e7d74c285b1777cd1c9d2b19a4f4dbd3db21892908"
reference = "bcm2712/iso_transform:0.0.1"

[[artifact]]
kind = "module"
name = "kv_store"
project = "fluxor"
target = "bcm2712"
digest = "sha256:e30f8d281ba4f4bc1a36e79333a06504f7dc8c19cc05a7ca259842ca4bc4f606"
reference = "bcm2712/kv_store:0.0.1"

[[artifact]]
kind = "module"
name = "load_gen"
project = "fluxor"
target = "bcm2712"
digest = "sha256:c64e9e5674a11afbf7f35a6e9afbe50e54b963ddfbd3cadf172cff9c8118847d"
reference = "bcm2712/load_gen:0.0.1"

[[artifact]]
kind = "module"
name = "log_net"
project = "fluxor"
target = "bcm2712"
digest = "sha256:50112c00ac7d6d0cb5b7914bb5c6ba619237b4aa91e9fbda9ba77e68ee24fb27"
reference = "bcm2712/log_net:0.0.1"

[[artifact]]
kind = "module"
name = "mem_ns"
project = "fluxor"
target = "bcm2712"
digest = "sha256:d92464102fe36268b6ea804eb56e1c9c44141da496a64a6d93fa41e9ae872d60"
reference = "bcm2712/mem_ns:0.0.1"

[[artifact]]
kind = "module"
name = "monitor"
project = "fluxor"
target = "bcm2712"
digest = "sha256:69b7daaae1afe4f527e158bd11ce2724fd10a86a7d3176535d137819f7ae5e45"
reference = "bcm2712/monitor:0.0.1"

[[artifact]]
kind = "module"
name = "mount"
project = "fluxor"
target = "bcm2712"
digest = "sha256:31f740c5dd95f8d5fca6713d5b421f48fe2f6b5797b0ee2c562b248a8718a99c"
reference = "bcm2712/mount:0.0.1"

[[artifact]]
kind = "module"
name = "mux_echo"
project = "fluxor"
target = "bcm2712"
digest = "sha256:7ac8a23bb7125ec7a3bee9fc26ef3e20f3cc1dd6589d49638e704cf0a863973a"
reference = "bcm2712/mux_echo:0.0.1"

[[artifact]]
kind = "module"
name = "nvme"
project = "fluxor"
target = "bcm2712"
digest = "sha256:6268ec960baed8db3a6770ef56cbae2173b027114b2872aeab3c6232f9261ca9"
reference = "bcm2712/nvme:0.0.1"

[[artifact]]
kind = "module"
name = "nvme_arena_probe"
project = "fluxor"
target = "bcm2712"
digest = "sha256:13658060c445f17a8cd4507c9a11978827b12ac169110a600a95f17a59421a17"
reference = "bcm2712/nvme_arena_probe:0.0.1"

[[artifact]]
kind = "module"
name = "nvme_perf_probe"
project = "fluxor"
target = "bcm2712"
digest = "sha256:0d44a797d9354334d834738af3c1a73a818d14b90f652f15a7f942627497a611"
reference = "bcm2712/nvme_perf_probe:0.0.1"

[[artifact]]
kind = "module"
name = "object_bank"
project = "fluxor"
target = "bcm2712"
digest = "sha256:af95ccfe8f037e0a71f252d83337eafe62775c1a6df2b676f6729410f7141947"
reference = "bcm2712/object_bank:0.0.1"

[[artifact]]
kind = "module"
name = "observe"
project = "fluxor"
target = "bcm2712"
digest = "sha256:98f5547f2902b07a26fcd18e92f0f808f50865daf87dc84c7fe48fc31fe7bc01"
reference = "bcm2712/observe:0.0.1"

[[artifact]]
kind = "module"
name = "ota_registry"
project = "fluxor"
target = "bcm2712"
digest = "sha256:2cd9993c80488fdb488cc8fae95ed087d216765e080f25f8cb658a5303238fff"
reference = "bcm2712/ota_registry:0.0.1"

[[artifact]]
kind = "module"
name = "otel"
project = "fluxor"
target = "bcm2712"
digest = "sha256:cc526e095c2577bbbc46627b4b64554888b8a40147f7d534f6f09c3c2e6f80f8"
reference = "bcm2712/otel:0.0.1"

[[artifact]]
kind = "module"
name = "panel_surface_traits"
project = "fluxor"
target = "bcm2712"
digest = "sha256:0cf77c94a9a7a95748c4011e69e91b5c77cfcdae5014a373528d1900580784e0"
reference = "bcm2712/panel_surface_traits:0.0.1"

[[artifact]]
kind = "module"
name = "pause_driver"
project = "fluxor"
target = "bcm2712"
digest = "sha256:2cd88b334c799e433928467bb7a0e82881ef46262eae78d122b0ab5c0bc11f3f"
reference = "bcm2712/pause_driver:0.0.1"

[[artifact]]
kind = "module"
name = "pause_probe"
project = "fluxor"
target = "bcm2712"
digest = "sha256:1d6656802786a36acdebee20908581deb38ed006c73c64a9720a567be44ebc9f"
reference = "bcm2712/pause_probe:0.0.1"

[[artifact]]
kind = "module"
name = "pcie_scan"
project = "fluxor"
target = "bcm2712"
digest = "sha256:bbbcce927f7d4a406b0421dc77370d2247d3cc7c18030b0aeb230c57482e213e"
reference = "bcm2712/pcie_scan:0.0.1"

[[artifact]]
kind = "module"
name = "pkt_filter"
project = "fluxor"
target = "bcm2712"
digest = "sha256:2d37b0a2d02642a8cac1c782ac011eec73210810b51d454d7acdd3b06564c7bc"
reference = "bcm2712/pkt_filter:0.0.1"

[[artifact]]
kind = "module"
name = "presentation_resolver"
project = "fluxor"
target = "bcm2712"
digest = "sha256:28f14a90b014586d2ed964af949b62642210bd72b64f743bd61a38f7cefa32d7"
reference = "bcm2712/presentation_resolver:0.0.1"

[[artifact]]
kind = "module"
name = "quic"
project = "fluxor"
target = "bcm2712"
digest = "sha256:b1068782dd53334956306de9c28225b972ec0906a6b04475f22dd4724746b195"
reference = "bcm2712/quic:0.0.1"

[[artifact]]
kind = "module"
name = "reconfigure"
project = "fluxor"
target = "bcm2712"
digest = "sha256:907e4dcb3c054791bb6d952a1e8f4a3d900fa98187591df0844537ce1da596a2"
reference = "bcm2712/reconfigure:0.0.1"

[[artifact]]
kind = "module"
name = "remote_channel"
project = "fluxor"
target = "bcm2712"
digest = "sha256:38f12c3d1684e2e05239c152f21de417718b68d6ba186d046890cffc45b90652"
reference = "bcm2712/remote_channel:0.0.1"

[[artifact]]
kind = "module"
name = "rp1_gem"
project = "fluxor"
target = "bcm2712"
digest = "sha256:36e6255bba6480bb1a58e1eb6f92af6526f42670ee1de77e513f337eb28a5974"
reference = "bcm2712/rp1_gem:0.0.1"

[[artifact]]
kind = "module"
name = "smmu"
project = "fluxor"
target = "bcm2712"
digest = "sha256:2a09d87650b313a3eeab96cef3ec1cf66c84b8bf966760a2205f62c9a6df14b0"
reference = "bcm2712/smmu:0.0.1"

[[artifact]]
kind = "module"
name = "store_probe"
project = "fluxor"
target = "bcm2712"
digest = "sha256:e671ea88a466c2736143ed1208eadcd3ed2fe6ed4e52d9f3b4534fd18404958b"
reference = "bcm2712/store_probe:0.0.1"

[[artifact]]
kind = "module"
name = "store_seed"
project = "fluxor"
target = "bcm2712"
digest = "sha256:2071f8e6f51e70c79316a8c44e4a5211b33710931ca7d795599230a51c19ed83"
reference = "bcm2712/store_seed:0.0.1"

[[artifact]]
kind = "module"
name = "synth_source"
project = "fluxor"
target = "bcm2712"
digest = "sha256:689d9a8017cd8ad958202a99c5e884b9024df35436784d5a109050fa927899eb"
reference = "bcm2712/synth_source:0.0.1"

[[artifact]]
kind = "module"
name = "test_fault"
project = "fluxor"
target = "bcm2712"
digest = "sha256:b90b3051fc78e339af448407e8878890697b4e69a0b097299371fa73edda8200"
reference = "bcm2712/test_fault:0.0.1"

[[artifact]]
kind = "module"
name = "tier2_probe"
project = "fluxor"
target = "bcm2712"
digest = "sha256:f79c3eadbb39f36322980f057e7cb881839fe61bda017f4d302c26a13c089e80"
reference = "bcm2712/tier2_probe:0.0.1"

[[artifact]]
kind = "module"
name = "tls"
project = "fluxor"
target = "bcm2712"
digest = "sha256:0a2b34948035d4643ee1fbca997f54db5d3eb09a5cae02f9e18bb36a21dc0988"
reference = "bcm2712/tls:0.0.1"

[[artifact]]
kind = "module"
name = "transport_buffer"
project = "fluxor"
target = "bcm2712"
digest = "sha256:d5c433f9a660169262de482d29b7a7ff65edda8b4e24caf9a7a1f1bf6b85d345"
reference = "bcm2712/transport_buffer:0.0.1"

[[artifact]]
kind = "module"
name = "usb_midi_host"
project = "fluxor"
target = "bcm2712"
digest = "sha256:9576dc40ca25ac77ae9114e4b3533057e9cb8dbf3e60481676e61da75a3084de"
reference = "bcm2712/usb_midi_host:0.0.1"

[[artifact]]
kind = "module"
name = "virtio_net"
project = "fluxor"
target = "bcm2712"
digest = "sha256:c3c94097695d49b0aaea1c824e117eb9048999f92e94050939c509981220583b"
reference = "bcm2712/virtio_net:0.0.1"

[[artifact]]
kind = "module"
name = "wake_snk"
project = "fluxor"
target = "bcm2712"
digest = "sha256:646154c3c63d6c3905c3f1be951241dd5aa0be20061067fe0f406c4eb04339f9"
reference = "bcm2712/wake_snk:0.0.1"

[[artifact]]
kind = "module"
name = "wake_src"
project = "fluxor"
target = "bcm2712"
digest = "sha256:8d20ab6d044c5f29c65548a5ca8cf65ded7283feec1da71ac1c3b05a11ef260f"
reference = "bcm2712/wake_src:0.0.1"

[[artifact]]
kind = "module"
name = "authcode"
project = "kagi"
target = "bcm2712"
digest = "sha256:2618ad09ca854e702951f94fc4ad9ff0d888ff79c4d62915356c4fca4ff1a24b"
reference = "bcm2712/authcode:0.0.1"

[[artifact]]
kind = "module"
name = "certificate_endpoint"
project = "kagi"
target = "bcm2712"
digest = "sha256:9de6c2f0b1d71dacfea6f63ec9771444ba11d9aade2e3f7d163eccab273c3655"
reference = "bcm2712/certificate_endpoint:0.0.1"

[[artifact]]
kind = "module"
name = "control_admission"
project = "kagi"
target = "bcm2712"
digest = "sha256:1ff9682ecfa6f8c131b048da408e22b90120d2faa26406531982bef8d65dcd18"
reference = "bcm2712/control_admission:0.0.1"

[[artifact]]
kind = "module"
name = "e2ee_credential_endpoint"
project = "kagi"
target = "bcm2712"
digest = "sha256:682750d27336963862b933cdfeb2d809d9f4c443bdfcafbc0f6598a8dd00fd9d"
reference = "bcm2712/e2ee_credential_endpoint:0.0.1"

[[artifact]]
kind = "module"
name = "e2ee_router"
project = "kagi"
target = "bcm2712"
digest = "sha256:8add61251794b68174218ec7d3078545d690b706bf5fe6e7098434a3cf4f6110"
reference = "bcm2712/e2ee_router:0.0.1"

[[artifact]]
kind = "module"
name = "e2ee_state_endpoint"
project = "kagi"
target = "bcm2712"
digest = "sha256:cf6af7bc993ed53ac7a79f40af535bb7997329d4844abffb983e5dc1c7400afd"
reference = "bcm2712/e2ee_state_endpoint:0.0.1"

[[artifact]]
kind = "module"
name = "enrollment_endpoint"
project = "kagi"
target = "bcm2712"
digest = "sha256:493eb3a177859bf8a45b27af16387a225c2c3d45c84297d5a9b453399031c0ed"
reference = "bcm2712/enrollment_endpoint:0.0.1"

[[artifact]]
kind = "module"
name = "keypackage_endpoint"
project = "kagi"
target = "bcm2712"
digest = "sha256:5d63091033d1674dc7635c11a94dcf3439e895028dcb6a9b92f0b58e36a27829"
reference = "bcm2712/keypackage_endpoint:0.0.1"

[[artifact]]
kind = "module"
name = "mint_admission"
project = "kagi"
target = "bcm2712"
digest = "sha256:e764e06e040fd577071afc666e915e4fb3421e3e3789f2b29309c00e377bc1a4"
reference = "bcm2712/mint_admission:0.0.1"

[[artifact]]
kind = "module"
name = "resource_gate"
project = "kagi"
target = "bcm2712"
digest = "sha256:6e0675c8fd00a41e5e469b24031d1c96b992e8fe49e3df53a5f27a61dbeac8e9"
reference = "bcm2712/resource_gate:0.0.1"

[[artifact]]
kind = "module"
name = "secret_store"
project = "kagi"
target = "bcm2712"
digest = "sha256:e5dce76a52ed5b3f20b3cc2e3918578a55d632bb0babe08394178e1181667aaa"
reference = "bcm2712/secret_store:0.0.1"

[[artifact]]
kind = "module"
name = "security_state"
project = "kagi"
target = "bcm2712"
digest = "sha256:3733000e4d9d4135c9127e95ab8508e4c9ed57ac9159b0855ff9fdab0317840f"
reference = "bcm2712/security_state:0.0.1"

[[artifact]]
kind = "module"
name = "token_endpoint"
project = "kagi"
target = "bcm2712"
digest = "sha256:e675b2bdc78b7382a0587c529c545fd4546407437a7ed1b9a0b7be30ed66fddc"
reference = "bcm2712/token_endpoint:0.0.1"

[[artifact]]
kind = "module"
name = "token_mint"
project = "kagi"
target = "bcm2712"
digest = "sha256:973c501b2b1b0133d487743d22ec22415d5950dcda67831913cd80ade19d4b11"
reference = "bcm2712/token_mint:0.0.1"

[[artifact]]
kind = "module"
name = "token_verify"
project = "kagi"
target = "bcm2712"
digest = "sha256:9d0d8e3555b50442205a9aab4f50b2a5c081b5689099619afca303f7e45f70b2"
reference = "bcm2712/token_verify:0.0.1"

[[artifact]]
kind = "module"
name = "wellknown_endpoint"
project = "kagi"
target = "bcm2712"
digest = "sha256:0dc8049b696b6b8a609a39194e44d38b722b1691769e686b89aaee4f7085c6a3"
reference = "bcm2712/wellknown_endpoint:0.0.1"

[[artifact]]
kind = "module"
name = "http"
project = "wave"
target = "bcm2712"
digest = "sha256:75e3f31eec6a6f18dbd590e6bf27a730037a5f020da315781fb6816b00439d83"
reference = "bcm2712/http:0.0.1"

[[artifact]]
kind = "module"
name = "http-app"
project = "wave"
target = "bcm2712"
digest = "sha256:c4b8c104aa24cc85b5fd69368ce77a5156cda3b6109ac1a096e926e26e652624"
reference = "bcm2712/http-app:0.0.1"

[[artifact]]
kind = "module"
name = "http-exchange"
project = "wave"
target = "bcm2712"
digest = "sha256:235418e9e239c5c95770591bf4c1876a15bbbe62e3f9f34b81f4e8eea0b9c23f"
reference = "bcm2712/http-exchange:0.0.1"

[[artifact]]
kind = "module"
name = "http-h2"
project = "wave"
target = "bcm2712"
digest = "sha256:bac25d385fc2c3534fa81b3991e212f44ce76e7f477102964a0f08667f57a97a"
reference = "bcm2712/http-h2:0.0.1"

[[artifact]]
kind = "module"
name = "http-web"
project = "wave"
target = "bcm2712"
digest = "sha256:7dbfb1b9f484478a91542f3745e41c705d7875a0e2111a0924a7e5f3a9b202af"
reference = "bcm2712/http-web:0.0.1"

[[artifact]]
kind = "module"
name = "http_echo_app"
project = "wave"
target = "bcm2712"
digest = "sha256:454b6473eb6a763b52a6249c3fc620c762a3e3b79abf1a94fe9eac46e8ac437f"
reference = "bcm2712/http_echo_app:0.0.1"

[[artifact]]
kind = "module"
name = "jitter"
project = "wave"
target = "bcm2712"
digest = "sha256:770e6e811f8b41e17363d3d6aa36ef15a0782444cd8e9df05f8f84aea10ea868"
reference = "bcm2712/jitter:0.0.1"

[[artifact]]
kind = "module"
name = "mail"
project = "wave"
target = "bcm2712"
digest = "sha256:589f227dc6b904cdb0d136e1d47fccfbc4106ab1d12bee96e31a7127ce4792eb"
reference = "bcm2712/mail:0.0.1"

[[artifact]]
kind = "module"
name = "rtcp"
project = "wave"
target = "bcm2712"
digest = "sha256:58295d7a0610ee1f4d7b6baeba19387d0a965cbb8e85577f89541cd0e33f6ab5"
reference = "bcm2712/rtcp:0.0.1"

[[artifact]]
kind = "module"
name = "rtp"
project = "wave"
target = "bcm2712"
digest = "sha256:e3f375042dfff6fdfa5223dd69f8f6245aecdd70b0e96420ed6b0faf5164ace8"
reference = "bcm2712/rtp:0.0.1"

[[artifact]]
kind = "module"
name = "s3"
project = "wave"
target = "bcm2712"
digest = "sha256:5afaa3a926762aa46f9a0bf33bccc9bee97dc5dc198fcb11780c2b0ec40890cc"
reference = "bcm2712/s3:0.0.1"

[[artifact]]
kind = "module"
name = "sip"
project = "wave"
target = "bcm2712"
digest = "sha256:24c1d221af56059356146a6d60b0e251841f24909893b674b28c8bd184058c3f"
reference = "bcm2712/sip:0.0.1"

[[artifact]]
kind = "module"
name = "smtp"
project = "wave"
target = "bcm2712"
digest = "sha256:3fb0191828cf3deb7d8444eee4493941adb03e2bfab51bed65b14550d7b72903"
reference = "bcm2712/smtp:0.0.1"

[[artifact]]
kind = "module"
name = "stun"
project = "wave"
target = "bcm2712"
digest = "sha256:7703fd3088367f8aeba66ed6ca0bf08aab66b95c373dc60111e9c65f01c19662"
reference = "bcm2712/stun:0.0.1"

[[artifact]]
kind = "module"
name = "websocket"
project = "wave"
target = "bcm2712"
digest = "sha256:d002a0b06c1bbbd718ee58384e9e4b836d3614bf25976dd814a5f1fda964f8ef"
reference = "bcm2712/websocket:0.0.1"

[[artifact]]
kind = "module"
name = "ws_stream"
project = "wave"
target = "bcm2712"
digest = "sha256:5de673c44108929681c70e7b4092929afa9bd5285dc926d1254257e27d403a75"
reference = "bcm2712/ws_stream:0.0.1"

[[artifact]]
kind = "runtime"
name = "fluxor"
project = "fluxor"
target = "aarch64-unknown-linux-gnu"
digest = "sha256:50e2d5cd1f503eafe76d17297f4508f8cd42d858f22b3d9246833b6017d667fd"
reference = "fluxor/run/fluxor-aarch64-unknown-linux-gnu:0.0.1"

[[artifact]]
kind = "runtime"
name = "fluxor-linux"
project = "fluxor"
target = "aarch64-unknown-linux-gnu"
digest = "sha256:d869b1556598fd1fdc90412d3a2bac030cf98e06aaa90d9d3a1a9df8a6efedeb"
reference = "fluxor/run/fluxor-linux-aarch64-unknown-linux-gnu:0.0.1"

[[artifact]]
kind = "source"
name = "chronicle-common"
project = "chronicle"
digest = "sha256:4c0abc543fbdd5560cf79cb21f06eed0c7c59c586b35c365ed818a4a01b08acf"
reference = "chronicle/src/chronicle-common:0.0.1"

[[artifact]]
kind = "source"
name = "fluxor-abi"
project = "fluxor"
digest = "sha256:2324a731411d81fa06b50b9ba132ecdd93f508f9b9cf6423cc30659656d4e273"
reference = "fluxor/src/fluxor-abi:0.0.1"

[[artifact]]
kind = "source"
name = "fluxor-contracts"
project = "fluxor"
digest = "sha256:2682cd9b5db6973cc5abef0e66cc27d5a45042b523c17f9b4ac1ffd24cd8ea1e"
reference = "fluxor/src/fluxor-contracts:0.0.1"

[[artifact]]
kind = "source"
name = "kagi-common"
project = "kagi"
digest = "sha256:dd0a5fd25186af38ae308efc98942296a794ee658b1212a755cb52bded1229f1"
reference = "kagi/src/kagi-common:0.0.1"

[[artifact]]
kind = "source"
name = "wave-common"
project = "wave"
digest = "sha256:c8ebb5cb4bb38331c9fb2c2fa994c700657f3bdb33a3b4d72da9b435822ba0d8"
reference = "wave/src/wave-common:0.0.1"
